// !$*UTF8*$!
{
	archiveVersion = 1;
	classes = {
	};
	objectVersion = 55;
	objects = {

/* Begin PBXBuildFile section */
		FD00258127A77CFC00032344 /* DiceeApp.swift in Sources */ = {isa = PBXBuildFile; fileRef = FD00258027A77CFC00032344 /* DiceeApp.swift */; };
		FD00258327A77CFC00032344 /* ContentView.swift in Sources */ = {isa = PBXBuildFile; fileRef = FD00258227A77CFC00032344 /* ContentView.swift */; };
		FD00258527A77D0000032344 /* Assets.xcassets in Resources */ = {isa = PBXBuildFile; fileRef = FD00258427A77D0000032344 /* Assets.xcassets */; };
		FD00258827A77D0000032344 /* Preview Assets.xcassets in Resources */ = {isa = PBXBuildFile; fileRef = FD00258727A77D0000032344 /* Preview Assets.xcassets */; };
		FD00259227A77D0100032344 /* DiceeTests.swift in Sources */ = {isa = PBXBuildFile; fileRef = FD00259127A77D0100032344 /* DiceeTests.swift */; };
		FD00259C27A77D0100032344 /* DiceeUITests.swift in Sources */ = {isa = PBXBuildFile; fileRef = FD00259B27A77D0100032344 /* DiceeUITests.swift */; };
		FD00259E27A77D0100032344 /* DiceeUITestsLaunchTests.swift in Sources */ = {isa = PBXBuildFile; fileRef = FD00259D27A77D0100032344 /* DiceeUITestsLaunchTests.swift */; };
/* End PBXBuildFile section */

/* Begin PBXContainerItemProxy section */
		FD00258E27A77D0100032344 /* PBXContainerItemProxy */ = {
			isa = PBXContainerItemProxy;
			containerPortal = FD00257527A77CFC00032344 /* Project object */;
			proxyType = 1;
			remoteGlobalIDString = FD00257C27A77CFC00032344;
			remoteInfo = Dicee;
		};
		FD00259827A77D0100032344 /* PBXContainerItemProxy */ = {
			isa = PBXContainerItemProxy;
			containerPortal = FD00257527A77CFC00032344 /* Project object */;
			proxyType = 1;
			remoteGlobalIDString = FD00257C27A77CFC00032344;
			remoteInfo = Dicee;
		};
/* End PBXContainerItemProxy section */

/* Begin PBXFileReference section */
		FD00257D27A77CFC00032344 /* Dicee.app */ = {isa = PBXFileReference; explicitFileType = wrapper.application; includeInIndex = 0; path = Dicee.app; sourceTree = BUILT_PRODUCTS_DIR; };
		FD00258027A77CFC00032344 /* DiceeApp.swift */ = {isa = PBXFileReference; lastKnownFileType = sourcecode.swift; path = DiceeApp.swift; sourceTree = "<group>"; };
		FD00258227A77CFC00032344 /* ContentView.swift */ = {isa = PBXFileReference; lastKnownFileType = sourcecode.swift; path = ContentView.swift; sourceTree = "<group>"; };
		FD00258427A77D0000032344 /* Assets.xcassets */ = {isa = PBXFileReference; lastKnownFileType = folder.assetcatalog; path = Assets.xcassets; sourceTree = "<group>"; };
		FD00258727A77D0000032344 /* Preview Assets.xcassets */ = {isa = PBXFileReference; lastKnownFileType = folder.assetcatalog; path = "Preview Assets.xcassets"; sourceTree = "<group>"; };
		FD00258D27A77D0100032344 /* DiceeTests.xctest */ = {isa = PBXFileReference; explicitFileType = wrapper.cfbundle; includeInIndex = 0; path = DiceeTests.xctest; sourceTree = BUILT_PRODUCTS_DIR; };
		FD00259127A77D0100032344 /* DiceeTests.swift */ = {isa = PBXFileReference; lastKnownFileType = sourcecode.swift; path = DiceeTests.swift; sourceTree = "<group>"; };
		FD00259727A77D0100032344 /* DiceeUITests.xctest */ = {isa = PBXFileReference; explicitFileType = wrapper.cfbundle; includeInIndex = 0; path = DiceeUITests.xctest; sourceTree = BUILT_PRODUCTS_DIR; };
		FD00259B27A77D0100032344 /* DiceeUITests.swift */ = {isa = PBXFileReference; lastKnownFileType = sourcecode.swift; path = DiceeUITests.swift; sourceTree = "<group>"; };
		FD00259D27A77D0100032344 /* DiceeUITestsLaunchTests.swift */ = {isa = PBXFileReference; lastKnownFileType = sourcecode.swift; path = DiceeUITestsLaunchTests.swift; sourceTree = "<group>"; };
/* End PBXFileReference section */

/* Begin PBXFrameworksBuildPhase section */
		FD00257A27A77CFC00032344 /* Frameworks */ = {
			isa = PBXFrameworksBuildPhase;
			buildActionMask = 2147483647;
			files = (
			);
			runOnlyForDeploymentPostprocessing = 0;
		};
		FD00258A27A77D0100032344 /* Frameworks */ = {
			isa = PBXFrameworksBuildPhase;
			buildActionMask = 2147483647;
			files = (
			);
			runOnlyForDeploymentPostprocessing = 0;
		};
		FD00259427A77D0100032344 /* Frameworks */ = {
			isa = PBXFrameworksBuildPhase;
			buildActionMask = 2147483647;
			files = (
			);
			runOnlyForDeploymentPostprocessing = 0;
		};
/* End PBXFrameworksBuildPhase section */

/* Begin PBXGroup section */
		FD00257427A77CFC00032344 = {
			isa = PBXGroup;
			children = (
				FD00257F27A77CFC00032344 /* Dicee */,
				FD00259027A77D0100032344 /* DiceeTests */,
				FD00259A27A77D0100032344 /* DiceeUITests */,
				FD00257E27A77CFC00032344 /* Products */,
			);
			sourceTree = "<group>";
		};
		FD00257E27A77CFC00032344 /* Products */ = {
			isa = PBXGroup;
			children = (
				FD00257D27A77CFC00032344 /* Dicee.app */,
				FD00258D27A77D0100032344 /* DiceeTests.xctest */,
				FD00259727A77D0100032344 /* DiceeUITests.xctest */,
			);
			name = Products;
			sourceTree = "<group>";
		};
		FD00257F27A77CFC00032344 /* Dicee */ = {
			isa = PBXGroup;
			children = (
				FD00258027A77CFC00032344 /* DiceeApp.swift */,
				FD00258227A77CFC00032344 /* ContentView.swift */,
				FD00258427A77D0000032344 /* Assets.xcassets */,
				FD00258627A77D0000032344 /* Preview Content */,
			);
			path = Dicee;
			sourceTree = "<group>";
		};
		FD00258627A77D0000032344 /* Preview Content */ = {
			isa = PBXGroup;
			children = (
				FD00258727A77D0000032344 /* Preview Assets.xcassets */,
			);
			path = "Preview Content";
			sourceTree = "<group>";
		};
		FD00259027A77D0100032344 /* DiceeTests */ = {
			isa = PBXGroup;
			children = (
				FD00259127A77D0100032344 /* DiceeTests.swift */,
			);
			path = DiceeTests;
			sourceTree = "<group>";
		};
		FD00259A27A77D0100032344 /* DiceeUITests */ = {
			isa = PBXGroup;
			children = (
				FD00259B27A77D0100032344 /* DiceeUITests.swift */,
				FD00259D27A77D0100032344 /* DiceeUITestsLaunchTests.swift */,
			);
			path = DiceeUITests;
			sourceTree = "<group>";
		};
/* End PBXGroup section */

/* Begin PBXNativeTarget section */
		FD00257C27A77CFC00032344 /* Dicee */ = {
			isa = PBXNativeTarget;
			buildConfigurationList = FD0025A127A77D0100032344 /* Build configuration list for PBXNativeTarget "Dicee" */;
			buildPhases = (
				FD00257927A77CFC00032344 /* Sources */,
				FD00257A27A77CFC00032344 /* Frameworks */,
				FD00257B27A77CFC00032344 /* Resources */,
			);
			buildRules = (
			);
			dependencies = (
			);
			name = Dicee;
			productName = Dicee;
			productReference = FD00257D27A77CFC00032344 /* Dicee.app */;
			productType = "com.apple.product-type.application";
		};
		FD00258C27A77D0100032344 /* DiceeTests */ = {
			isa = PBXNativeTarget;
			buildConfigurationList = FD0025A427A77D0100032344 /* Build configuration list for PBXNativeTarget "DiceeTests" */;
			buildPhases = (
				FD00258927A77D0100032344 /* Sources */,
				FD00258A27A77D0100032344 /* Frameworks */,
				FD00258B27A77D0100032344 /* Resources */,
			);
			buildRules = (
			);
			dependencies = (
				FD00258F27A77D0100032344 /* PBXTargetDependency */,
			);
			name = DiceeTests;
			productName = DiceeTests;
			productReference = FD00258D27A77D0100032344 /* DiceeTests.xctest */;
			productType = "com.apple.product-type.bundle.unit-test";
		};
		FD00259627A77D0100032344 /* DiceeUITests */ = {
			isa = PBXNativeTarget;
			buildConfigurationList = FD0025A727A77D0100032344 /* Build configuration list for PBXNativeTarget "DiceeUITests" */;
			buildPhases = (
				FD00259327A77D0100032344 /* Sources */,
				FD00259427A77D0100032344 /* Frameworks */,
				FD00259527A77D0100032344 /* Resources */,
			);
			buildRules = (
			);
			dependencies = (
				FD00259927A77D0100032344 /* PBXTargetDependency */,
			);
			name = DiceeUITests;
			productName = DiceeUITests;
			productReference = FD00259727A77D0100032344 /* DiceeUITests.xctest */;
			productType = "com.apple.product-type.bundle.ui-testing";
		};
/* End PBXNativeTarget section */

/* Begin PBXProject section */
		FD00257527A77CFC00032344 /* Project object */ = {
			isa = PBXProject;
			attributes = {
				BuildIndependentTargetsInParallel = 1;
				LastSwiftUpdateCheck = 1310;
				LastUpgradeCheck = 1310;
				TargetAttributes = {
					FD00257C27A77CFC00032344 = {
						CreatedOnToolsVersion = 13.1;
					};
					FD00258C27A77D0100032344 = {
						CreatedOnToolsVersion = 13.1;
						TestTargetID = FD00257C27A77CFC00032344;
					};
					FD00259627A77D0100032344 = {
						CreatedOnToolsVersion = 13.1;
						TestTargetID = FD00257C27A77CFC00032344;
					};
				};
			};
			buildConfigurationList = FD00257827A77CFC00032344 /* Build configuration list for PBXProject "Dicee" */;
			compatibilityVersion = "Xcode 13.0";
			developmentRegion = en;
			hasScannedForEncodings = 0;
			knownRegions = (
				en,
				Base,
			);
			mainGroup = FD00257427A77CFC00032344;
			productRefGroup = FD00257E27A77CFC00032344 /* Products */;
			projectDirPath = "";
			projectRoot = "";
			targets = (
				FD00257C27A77CFC00032344 /* Dicee */,
				FD00258C27A77D0100032344 /* DiceeTests */,
				FD00259627A77D0100032344 /* DiceeUITests */,
			);
		};
/* End PBXProject section */

/* Begin PBXResourcesBuildPhase section */
		FD00257B27A77CFC00032344 /* Resources */ = {
			isa = PBXResourcesBuildPhase;
			buildActionMask = 2147483647;
			files = (
				FD00258827A77D0000032344 /* Preview Assets.xcassets in Resources */,
				FD00258527A77D0000032344 /* Assets.xcassets in Resources */,
			);
			runOnlyForDeploymentPostprocessing = 0;
		};
		FD00258B27A77D0100032344 /* Resources */ = {
			isa = PBXResourcesBuildPhase;
			buildActionMask = 2147483647;
			files = (
			);
			runOnlyForDeploymentPostprocessing = 0;
		};
		FD00259527A77D0100032344 /* Resources */ = {
			isa = PBXResourcesBuildPhase;
			buildActionMask = 2147483647;
			files = (
			);
			runOnlyForDeploymentPostprocessing = 0;
		};
/* End PBXResourcesBuildPhase section */

/* Begin PBXSourcesBuildPhase section */
		FD00257927A77CFC00032344 /* Sources */ = {
			isa = PBXSourcesBuildPhase;
			buildActionMask = 2147483647;
			files = (
				FD00258327A77CFC00032344 /* ContentView.swift in Sources */,
				FD00258127A77CFC00032344 /* DiceeApp.swift in Sources */,
			);
			runOnlyForDeploymentPostprocessing = 0;
		};
		FD00258927A77D0100032344 /* Sources */ = {
			isa = PBXSourcesBuildPhase;
			buildActionMask = 2147483647;
			files = (
				FD00259227A77D0100032344 /* DiceeTests.swift in Sources */,
			);
			runOnlyForDeploymentPostprocessing = 0;
		};
		FD00259327A77D0100032344 /* Sources */ = {
			isa = PBXSourcesBuildPhase;
			buildActionMask = 2147483647;
			files = (
				FD00259C27A77D0100032344 /* DiceeUITests.swift in Sources */,
				FD00259E27A77D0100032344 /* DiceeUITestsLaunchTests.swift in Sources */,
			);
			runOnlyForDeploymentPostprocessing = 0;
		};
/* End PBXSourcesBuildPhase section */

/* Begin PBXTargetDependency section */
		FD00258F27A77D0100032344 /* PBXTargetDependency */ = {
			isa = PBXTargetDependency;
			target = FD00257C27A77CFC00032344 /* Dicee */;
			targetProxy = FD00258E27A77D0100032344 /* PBXContainerItemProxy */;
		};
		FD00259927A77D0100032344 /* PBXTargetDependency */ = {
			isa = PBXTargetDependency;
			target = FD00257C27A77CFC00032344 /* Dicee */;
			targetProxy = FD00259827A77D0100032344 /* PBXContainerItemProxy */;
		};
/* End PBXTargetDependency section */

/* Begin XCBuildConfiguration section */
		FD00259F27A77D0100032344 /* Debug */ = {
			isa = XCBuildConfiguration;
			buildSettings = {
				ALWAYS_SEARCH_USER_PATHS = NO;
				CLANG_ANALYZER_NONNULL = YES;
				CLANG_ANALYZER_NUMBER_OBJECT_CONVERSION = YES_AGGRESSIVE;
				CLANG_CXX_LANGUAGE_STANDARD = "gnu++17";
				CLANG_CXX_LIBRARY = "libc++";
				CLANG_ENABLE_MODULES = YES;
				CLANG_ENABLE_OBJC_ARC = YES;
				CLANG_ENABLE_OBJC_WEAK = YES;
				CLANG_WARN_BLOCK_CAPTURE_AUTORELEASING = YES;
				CLANG_WARN_BOOL_CONVERSION = YES;
				CLANG_WARN_COMMA = YES;
				CLANG_WARN_CONSTANT_CONVERSION = YES;
				CLANG_WARN_DEPRECATED_OBJC_IMPLEMENTATIONS = YES;
				CLANG_WARN_DIRECT_OBJC_ISA_USAGE = YES_ERROR;
				CLANG_WARN_DOCUMENTATION_COMMENTS = YES;
				CLANG_WARN_EMPTY_BODY = YES;
				CLANG_WARN_ENUM_CONVERSION = YES;
				CLANG_WARN_INFINITE_RECURSION = YES;
				CLANG_WARN_INT_CONVERSION = YES;
				CLANG_WARN_NON_LITERAL_NULL_CONVERSION = YES;
				CLANG_WARN_OBJC_IMPLICIT_RETAIN_SELF = YES;
				CLANG_WARN_OBJC_LITERAL_CONVERSION = YES;
				CLANG_WARN_OBJC_ROOT_CLASS = YES_ERROR;
				CLANG_WARN_QUOTED_INCLUDE_IN_FRAMEWORK_HEADER = YES;
				CLANG_WARN_RANGE_LOOP_ANALYSIS = YES;
				CLANG_WARN_STRICT_PROTOTYPES = YES;
				CLANG_WARN_SUSPICIOUS_MOVE = YES;
				CLANG_WARN_UNGUARDED_AVAILABILITY = YES_AGGRESSIVE;
				CLANG_WARN_UNREACHABLE_CODE = YES;
				CLANG_WARN__DUPLICATE_METHOD_MATCH = YES;
				COPY_PHASE_STRIP = NO;
				DEBUG_INFORMATION_FORMAT = dwarf;
				ENABLE_STRICT_OBJC_MSGSEND = YES;
				ENABLE_TESTABILITY = YES;
				GCC_C_LANGUAGE_STANDARD = gnu11;
				GCC_DYNAMIC_NO_PIC = NO;
				GCC_NO_COMMON_BLOCKS = YES;
				GCC_OPTIMIZATION_LEVEL = 0;
				GCC_PREPROCESSOR_DEFINITIONS = (
					"DEBUG=1",
					"$(inherited)",
				);
				GCC_WARN_64_TO_32_BIT_CONVERSION = YES;
				GCC_WARN_ABOUT_RETURN_TYPE = YES_ERROR;
				GCC_WARN_UNDECLARED_SELECTOR = YES;
				GCC_WARN_UNINITIALIZED_AUTOS = YES_AGGRESSIVE;
				GCC_WARN_UNUSED_FUNCTION = YES;
				GCC_WARN_UNUSED_VARIABLE = YES;
				IPHONEOS_DEPLOYMENT_TARGET = 15.0;
				MTL_ENABLE_DEBUG_INFO = INCLUDE_SOURCE;
				MTL_FAST_MATH = YES;
				ONLY_ACTIVE_ARCH = YES;
				SDKROOT = iphoneos;
				SWIFT_ACTIVE_COMPILATION_CONDITIONS = DEBUG;
				SWIFT_OPTIMIZATION_LEVEL = "-Onone";
			};
			name = Debug;
		};
		FD0025A027A77D0100032344 /* Release */ = {
			isa = XCBuildConfiguration;
			buildSettings = {
				ALWAYS_SEARCH_USER_PATHS = NO;
				CLANG_ANALYZER_NONNULL = YES;
				CLANG_ANALYZER_NUMBER_OBJECT_CONVERSION = YES_AGGRESSIVE;
				CLANG_CXX_LANGUAGE_STANDARD = "gnu++17";
				CLANG_CXX_LIBRARY = "libc++";
				CLANG_ENABLE_MODULES = YES;
				CLANG_ENABLE_OBJC_ARC = YES;
				CLANG_ENABLE_OBJC_WEAK = YES;
				CLANG_WARN_BLOCK_CAPTURE_AUTORELEASING = YES;
				CLANG_WARN_BOOL_CONVERSION = YES;
				CLANG_WARN_COMMA = YES;
				CLANG_WARN_CONSTANT_CONVERSION = YES;
				CLANG_WARN_DEPRECATED_OBJC_IMPLEMENTATIONS = YES;
				CLANG_WARN_DIRECT_OBJC_ISA_USAGE = YES_ERROR;
				CLANG_WARN_DOCUMENTATION_COMMENTS = YES;
				CLANG_WARN_EMPTY_BODY = YES;
				CLANG_WARN_ENUM_CONVERSION = YES;
				CLANG_WARN_INFINITE_RECURSION = YES;
				CLANG_WARN_INT_CONVERSION = YES;
				CLANG_WARN_NON_LITERAL_NULL_CONVERSION = YES;
				CLANG_WARN_OBJC_IMPLICIT_RETAIN_SELF = YES;
				CLANG_WARN_OBJC_LITERAL_CONVERSION = YES;
				CLANG_WARN_OBJC_ROOT_CLASS = YES_ERROR;
				CLANG_WARN_QUOTED_INCLUDE_IN_FRAMEWORK_HEADER = YES;
				CLANG_WARN_RANGE_LOOP_ANALYSIS = YES;
				CLANG_WARN_STRICT_PROTOTYPES = YES;
				CLANG_WARN_SUSPICIOUS_MOVE = YES;
				CLANG_WARN_UNGUARDED_AVAILABILITY = YES_AGGRESSIVE;
				CLANG_WARN_UNREACHABLE_CODE = YES;
				CLANG_WARN__DUPLICATE_METHOD_MATCH = YES;
				COPY_PHASE_STRIP = NO;
				DEBUG_INFORMATION_FORMAT = "dwarf-with-dsym";
				ENABLE_NS_ASSERTIONS = NO;
				ENABLE_STRICT_OBJC_MSGSEND = YES;
				GCC_C_LANGUAGE_STANDARD = gnu11;
				GCC_NO_COMMON_BLOCKS = YES;
				GCC_WARN_64_TO_32_BIT_CONVERSION = YES;
				GCC_WARN_ABOUT_RETURN_TYPE = YES_ERROR;
				GCC_WARN_UNDECLARED_SELECTOR = YES;
				GCC_WARN_UNINITIALIZED_AUTOS = YES_AGGRESSIVE;
				GCC_WARN_UNUSED_FUNCTION = YES;
				GCC_WARN_UNUSED_VARIABLE = YES;
				IPHONEOS_DEPLOYMENT_TARGET = 15.0;
				MTL_ENABLE_DEBUG_INFO = NO;
				MTL_FAST_MATH = YES;
				SDKROOT = iphoneos;
				SWIFT_COMPILATION_MODE = wholemodule;
				SWIFT_OPTIMIZATION_LEVEL = "-O";
				VALIDATE_PRODUCT = YES;
			};
			name = Release;
		};
		FD0025A227A77D0100032344 /* Debug */ = {
			isa = XCBuildConfiguration;
			buildSettings = {
				ASSETCATALOG_COMPILER_APPICON_NAME = AppIcon;
				ASSETCATALOG_COMPILER_GLOBAL_ACCENT_COLOR_NAME = AccentColor;
				CODE_SIGN_STYLE = Automatic;
				CURRENT_PROJECT_VERSION = 1;
				DEVELOPMENT_ASSET_PATHS = "\"Dicee/Preview Content\"";
				DEVELOPMENT_TEAM = S3ZNGP43TF;
				ENABLE_PREVIEWS = YES;
				GENERATE_INFOPLIST_FILE = YES;
				INFOPLIST_KEY_UIApplicationSceneManifest_Generation = YES;
				INFOPLIST_KEY_UIApplicationSupportsIndirectInputEvents = YES;
				INFOPLIST_KEY_UILaunchScreen_Generation = YES;
				INFOPLIST_KEY_UISupportedInterfaceOrientations_iPad = "UIInterfaceOrientationPortrait UIInterfaceOrientationPortraitUpsideDown UIInterfaceOrientationLandscapeLeft UIInterfaceOrientationLandscapeRight";
				INFOPLIST_KEY_UISupportedInterfaceOrientations_iPhone = "UIInterfaceOrientationPortrait UIInterfaceOrientationLandscapeLeft UIInterfaceOrientationLandscapeRight";
				LD_RUNPATH_SEARCH_PATHS = (
					"$(inherited)",
					"@executable_path/Frameworks",
				);
				MARKETING_VERSION = 1.0;
				PRODUCT_BUNDLE_IDENTIFIER = kokikudo.practice.app.Dicee;
				PRODUCT_NAME = "$(TARGET_NAME)";
				SWIFT_EMIT_LOC_STRINGS = YES;
				SWIFT_VERSION = 5.0;
				TARGETED_DEVICE_FAMILY = "1,2";
			};
			name = Debug;
		};
		FD0025A327A77D0100032344 /* Release */ = {
			isa = XCBuildConfiguration;
			buildSettings = {
				ASSETCATALOG_COMPILER_APPICON_NAME = AppIcon;
				ASSETCATALOG_COMPILER_GLOBAL_ACCENT_COLOR_NAME = AccentColor;
				CODE_SIGN_STYLE = Automatic;
				CURRENT_PROJECT_VERSION = 1;
				DEVELOPMENT_ASSET_PATHS = "\"Dicee/Preview Content\"";
				DEVELOPMENT_TEAM = S3ZNGP43TF;
				ENABLE_PREVIEWS = YES;
				GENERATE_INFOPLIST_FILE = YES;
				INFOPLIST_KEY_UIApplicationSceneManifest_Generation = YES;
				INFOPLIST_KEY_UIApplicationSupportsIndirectInputEvents = YES;
				INFOPLIST_KEY_UILaunchScreen_Generation = YES;
				INFOPLIST_KEY_UISupportedInterfaceOrientations_iPad = "UIInterfaceOrientationPortrait UIInterfaceOrientationPortraitUpsideDown UIInterfaceOrientationLandscapeLeft UIInterfaceOrientationLandscapeRight";
				INFOPLIST_KEY_UISupportedInterfaceOrientations_iPhone = "UIInterfaceOrientationPortrait UIInterfaceOrientationLandscapeLeft UIInterfaceOrientationLandscapeRight";
				LD_RUNPATH_SEARCH_PATHS = (
					"$(inherited)",
					"@executable_path/Frameworks",
				);
				MARKETING_VERSION = 1.0;
				PRODUCT_BUNDLE_IDENTIFIER = kokikudo.practice.app.Dicee;
				PRODUCT_NAME = "$(TARGET_NAME)";
				SWIFT_EMIT_LOC_STRINGS = YES;
				SWIFT_VERSION = 5.0;
				TARGETED_DEVICE_FAMILY = "1,2";
			};
			name = Release;
		};
		FD0025A527A77D0100032344 /* Debug */ = {
			isa = XCBuildConfiguration;
			buildSettings = {
				ALWAYS_EMBED_SWIFT_STANDARD_LIBRARIES = YES;
				BUNDLE_LOADER = "$(TEST_HOST)";
				CODE_SIGN_STYLE = Automatic;
				CURRENT_PROJECT_VERSION = 1;
				DEVELOPMENT_TEAM = S3ZNGP43TF;
				GENERATE_INFOPLIST_FILE = YES;
				IPHONEOS_DEPLOYMENT_TARGET = 15.0;
				LD_RUNPATH_SEARCH_PATHS = (
					"$(inherited)",
					"@executable_path/Frameworks",
					"@loader_path/Frameworks",
				);
				MARKETING_VERSION = 1.0;
				PRODUCT_BUNDLE_IDENTIFIER = kokikudo.practice.app.DiceeTests;
				PRODUCT_NAME = "$(TARGET_NAME)";
				SWIFT_EMIT_LOC_STRINGS = NO;
				SWIFT_VERSION = 5.0;
				TARGETED_DEVICE_FAMILY = "1,2";
				TEST_HOST = "$(BUILT_PRODUCTS_DIR)/Dicee.app/Dicee";
			};
			name = Debug;
		};
		FD0025A627A77D0100032344 /* Release */ = {
			isa = XCBuildConfiguration;
			buildSettings = {
				ALWAYS_EMBED_SWIFT_STANDARD_LIBRARIES = YES;
				BUNDLE_LOADER = "$(TEST_HOST)";
				CODE_SIGN_STYLE = Automatic;
				CURRENT_PROJECT_VERSION = 1;
				DEVELOPMENT_TEAM = S3ZNGP43TF;
				GENERATE_INFOPLIST_FILE = YES;
				IPHONEOS_DEPLOYMENT_TARGET = 15.0;
				LD_RUNPATH_SEARCH_PATHS = (
					"$(inherited)",
					"@executable_path/Frameworks",
					"@loader_path/Frameworks",
				);
				MARKETING_VERSION = 1.0;
				PRODUCT_BUNDLE_IDENTIFIER = kokikudo.practice.app.DiceeTests;
				PRODUCT_NAME = "$(TARGET_NAME)";
				SWIFT_EMIT_LOC_STRINGS = NO;
				SWIFT_VERSION = 5.0;
				TARGETED_DEVICE_FAMILY = "1,2";
				TEST_HOST = "$(BUILT_PRODUCTS_DIR)/Dicee.app/Dicee";
			};
			name = Release;
		};
		FD0025A827A77D0100032344 /* Debug */ = {
			isa = XCBuildConfiguration;
			buildSettings = {
				ALWAYS_EMBED_SWIFT_STANDARD_LIBRARIES = YES;
				CODE_SIGN_STYLE = Automatic;
				CURRENT_PROJECT_VERSION = 1;
				DEVELOPMENT_TEAM = S3ZNGP43TF;
				GENERATE_INFOPLIST_FILE = YES;
				LD_RUNPATH_SEARCH_PATHS = (
					"$(inherited)",
					"@executable_path/Frameworks",
					"@loader_path/Frameworks",
				);
				MARKETING_VERSION = 1.0;
				PRODUCT_BUNDLE_IDENTIFIER = kokikudo.practice.app.DiceeUITests;
				PRODUCT_NAME = "$(TARGET_NAME)";
				SWIFT_EMIT_LOC_STRINGS = NO;
				SWIFT_VERSION = 5.0;
				TARGETED_DEVICE_FAMILY = "1,2";
				TEST_TARGET_NAME = Dicee;
			};
			name = Debug;
		};
		FD0025A927A77D0100032344 /* Release */ = {
			isa = XCBuildConfiguration;
			buildSettings = {
				ALWAYS_EMBED_SWIFT_STANDARD_LIBRARIES = YES;
				CODE_SIGN_STYLE = Automatic;
				CURRENT_PROJECT_VERSION = 1;
				DEVELOPMENT_TEAM = S3ZNGP43TF;
				GENERATE_INFOPLIST_FILE = YES;
				LD_RUNPATH_SEARCH_PATHS = (
					"$(inherited)",
					"@executable_path/Frameworks",
					"@loader_path/Frameworks",
				);
				MARKETING_VERSION = 1.0;
				PRODUCT_BUNDLE_IDENTIFIER = kokikudo.practice.app.DiceeUITests;
				PRODUCT_NAME = "$(TARGET_NAME)";
				SWIFT_EMIT_LOC_STRINGS = NO;
				SWIFT_VERSION = 5.0;
				TARGETED_DEVICE_FAMILY = "1,2";
				TEST_TARGET_NAME = Dicee;
			};
			name = Release;
		};
/* End XCBuildConfiguration section */

/* Begin XCConfigurationList section */
		FD00257827A77CFC00032344 /* Build configuration list for PBXProject "Dicee" */ = {
			isa = XCConfigurationList;
			buildConfigurations = (
				FD00259F27A77D0100032344 /* Debug */,
				FD0025A027A77D0100032344 /* Release */,
			);
			defaultConfigurationIsVisible = 0;
			defaultConfigurationName = Release;
		};
		FD0025A127A77D0100032344 /* Build configuration list for PBXNativeTarget "Dicee" */ = {
			isa = XCConfigurationList;
			buildConfigurations = (
				FD0025A227A77D0100032344 /* Debug */,
				FD0025A327A77D0100032344 /* Release */,
			);
			defaultConfigurationIsVisible = 0;
			defaultConfigurationName = Release;
		};
		FD0025A427A77D0100032344 /* Build configuration list for PBXNativeTarget "DiceeTests" */ = {
			isa = XCConfigurationList;
			buildConfigurations = (
				FD0025A527A77D0100032344 /* Debug */,
				FD0025A627A77D0100032344 /* Release */,
			);
			defaultConfigurationIsVisible = 0;
			defaultConfigurationName = Release;
		};
		FD0025A727A77D0100032344 /* Build configuration list for PBXNativeTarget "DiceeUITests" */ = {
			isa = XCConfigurationList;
			buildConfigurations = (
				FD0025A827A77D0100032344 /* Debug */,
				FD0025A927A77D0100032344 /* Release */,
			);
			defaultConfigurationIsVisible = 0;
			defaultConfigurationName = Release;
		};
/* End XCConfigurationList section */
	};
	rootObject = FD00257527A77CFC00032344 /* Project object */;
}
